
Microsoft Visual Studio Solution File, Format Version 12.00
# Visual Studio Version 17
VisualStudioVersion = 17.9.34622.214
MinimumVisualStudioVersion = 10.0.40219.1
Project("{9A19103F-16F7-4668-BE54-9A1E7A4F7556}") = "IntegraBrasilApi", "IntegraBrasilApi\IntegraBrasilApi.csproj", "{0A5451BD-0ED4-472D-8FCA-3B6E3C3E2EAA}"
EndProject
Project("{2150E333-8FDC-42A3-9474-1A3956D46DE8}") = "src", "src", "{4A45A0A9-67EC-4B6A-B1DC-BFDEE0261B93}"
EndProject
Project("{2150E333-8FDC-42A3-9474-1A3956D46DE8}") = "Services", "Services", "{1DCBA645-93B6-4DFB-9C2B-10A8FA649F99}"
EndProject
Project("{9A19103F-16F7-4668-BE54-9A1E7A4F7556}") = "IntegraBrasilApi.Application", "IntegraBrasilApi.Application\IntegraBrasilApi.Application.csproj", "{F97696D2-7EB8-4194-AF64-BE36F7E8F0C6}"
EndProject
Project("{9A19103F-16F7-4668-BE54-9A1E7A4F7556}") = "IntegraBrasilApi.Domain", "IntegraBrasilApi.Domain\IntegraBrasilApi.Domain.csproj", "{D1F778AF-F6FB-4B62-9661-8D23B81335A1}"
EndProject
Project("{2150E333-8FDC-42A3-9474-1A3956D46DE8}") = "Web 2", "Web 2", "{A9E8268B-AE0D-4A1D-9F76-B7AB65344243}"
EndProject
Project("{9A19103F-16F7-4668-BE54-9A1E7A4F7556}") = "IntegraBrasilApi.Web.Fluent", "IntegraBrasilApi.Web.Fluent\IntegraBrasilApi.Web.Fluent\IntegraBrasilApi.Web.Fluent.csproj", "{7276F849-170C-4F57-82E9-455D894FC1E9}"
EndProject
Project("{9A19103F-16F7-4668-BE54-9A1E7A4F7556}") = "IntegraBrasilApi.Web.Fluent.Client", "IntegraBrasilApi.Web.Fluent\IntegraBrasilApi.Web.Fluent.Client\IntegraBrasilApi.Web.Fluent.Client.csproj", "{3E2FD3B9-C02F-4E5D-AA11-61E479AE4859}"
EndProject
Global
	GlobalSection(SolutionConfigurationPlatforms) = preSolution
		Debug|Any CPU = Debug|Any CPU
		Release|Any CPU = Release|Any CPU
	EndGlobalSection
	GlobalSection(ProjectConfigurationPlatforms) = postSolution
		{0A5451BD-0ED4-472D-8FCA-3B6E3C3E2EAA}.Debug|Any CPU.ActiveCfg = Debug|Any CPU
		{0A5451BD-0ED4-472D-8FCA-3B6E3C3E2EAA}.Debug|Any CPU.Build.0 = Debug|Any CPU
		{0A5451BD-0ED4-472D-8FCA-3B6E3C3E2EAA}.Release|Any CPU.ActiveCfg = Release|Any CPU
		{0A5451BD-0ED4-472D-8FCA-3B6E3C3E2EAA}.Release|Any CPU.Build.0 = Release|Any CPU
		{F97696D2-7EB8-4194-AF64-BE36F7E8F0C6}.Debug|Any CPU.ActiveCfg = Debug|Any CPU
		{F97696D2-7EB8-4194-AF64-BE36F7E8F0C6}.Debug|Any CPU.Build.0 = Debug|Any CPU
		{F97696D2-7EB8-4194-AF64-BE36F7E8F0C6}.Release|Any CPU.ActiveCfg = Release|Any CPU
		{F97696D2-7EB8-4194-AF64-BE36F7E8F0C6}.Release|Any CPU.Build.0 = Release|Any CPU
		{D1F778AF-F6FB-4B62-9661-8D23B81335A1}.Debug|Any CPU.ActiveCfg = Debug|Any CPU
		{D1F778AF-F6FB-4B62-9661-8D23B81335A1}.Debug|Any CPU.Build.0 = Debug|Any CPU
		{D1F778AF-F6FB-4B62-9661-8D23B81335A1}.Release|Any CPU.ActiveCfg = Release|Any CPU
		{D1F778AF-F6FB-4B62-9661-8D23B81335A1}.Release|Any CPU.Build.0 = Release|Any CPU
		{7276F849-170C-4F57-82E9-455D894FC1E9}.Debug|Any CPU.ActiveCfg = Debug|Any CPU
		{7276F849-170C-4F57-82E9-455D894FC1E9}.Debug|Any CPU.Build.0 = Debug|Any CPU
		{7276F849-170C-4F57-82E9-455D894FC1E9}.Release|Any CPU.ActiveCfg = Release|Any CPU
		{7276F849-170C-4F57-82E9-455D894FC1E9}.Release|Any CPU.Build.0 = Release|Any CPU
		{3E2FD3B9-C02F-4E5D-AA11-61E479AE4859}.Debug|Any CPU.ActiveCfg = Debug|Any CPU
		{3E2FD3B9-C02F-4E5D-AA11-61E479AE4859}.Debug|Any CPU.Build.0 = Debug|Any CPU
		{3E2FD3B9-C02F-4E5D-AA11-61E479AE4859}.Release|Any CPU.ActiveCfg = Release|Any CPU
		{3E2FD3B9-C02F-4E5D-AA11-61E479AE4859}.Release|Any CPU.Build.0 = Release|Any CPU
	EndGlobalSection
	GlobalSection(SolutionProperties) = preSolution
		HideSolutionNode = FALSE
	EndGlobalSection
	GlobalSection(NestedProjects) = preSolution
		{0A5451BD-0ED4-472D-8FCA-3B6E3C3E2EAA} = {1DCBA645-93B6-4DFB-9C2B-10A8FA649F99}
		{1DCBA645-93B6-4DFB-9C2B-10A8FA649F99} = {4A45A0A9-67EC-4B6A-B1DC-BFDEE0261B93}
		{F97696D2-7EB8-4194-AF64-BE36F7E8F0C6} = {1DCBA645-93B6-4DFB-9C2B-10A8FA649F99}
		{D1F778AF-F6FB-4B62-9661-8D23B81335A1} = {1DCBA645-93B6-4DFB-9C2B-10A8FA649F99}
		{A9E8268B-AE0D-4A1D-9F76-B7AB65344243} = {4A45A0A9-67EC-4B6A-B1DC-BFDEE0261B93}
		{7276F849-170C-4F57-82E9-455D894FC1E9} = {A9E8268B-AE0D-4A1D-9F76-B7AB65344243}
		{3E2FD3B9-C02F-4E5D-AA11-61E479AE4859} = {A9E8268B-AE0D-4A1D-9F76-B7AB65344243}
	EndGlobalSection
	GlobalSection(ExtensibilityGlobals) = postSolution
		SolutionGuid = {6F42E686-531A-4ECE-87FD-6C6A2D794606}
	EndGlobalSection
EndGlobal
